%{
  "abi": {:hex, :abi, "0.1.13", "4db511f883705ea0303ef9a97fa855c4a0a7a676468c826898656167a0889beb", [:mix], [{:jason, "~>  1.1", [hex: :jason, repo: "hexpm", optional: false]}, {:keccakf1600, "~> 2.0.0", [hex: :keccakf1600_orig, repo: "hexpm", optional: false]}], "hexpm"},
  "artificery": {:hex, :artificery, "0.4.2", "3ded6e29e13113af52811c72f414d1e88f711410cac1b619ab3a2666bbd7efd4", [:mix], [], "hexpm"},
  "base32": {:hex, :base32, "0.1.0", "044f6dc95709727ca2176f3e97a41ddaa76b5bc690d3536908618c0cb32616a2", [:rebar3], [], "hexpm"},
  "basefiftyeight": {:hex, :basefiftyeight, "0.1.0", "3d48544743bf9aab7ab02aed803ac42af77acf268c7d8c71d4f39e7fa85ee8d3", [:mix], [], "hexpm"},
  "benchee": {:hex, :benchee, "0.99.0", "0efbfc31045ad2f75a48673bd1befa8a6a5855e93b8c3117aed7d7da8de65b71", [:mix], [{:deep_merge, "~> 1.0", [hex: :deep_merge, repo: "hexpm", optional: false]}], "hexpm"},
  "binary": {:hex, :binary, "0.0.5", "20d816f7274ea34f1b673b4cff2fdb9ebec9391a7a68c349070d515c66b1b2cf", [:mix], [], "hexpm"},
  "bls": {:hex, :bls, "0.1.1", "d4922f88d86f904c3a9165010e2b4c13e664ece6536d577eb4c742a3308af28c", [:mix], [{:rustler, "~> 0.20.0", [hex: :rustler, repo: "hexpm", optional: false]}], "hexpm"},
  "bunt": {:hex, :bunt, "0.2.0", "951c6e801e8b1d2cbe58ebbd3e616a869061ddadcc4863d0a2182541acae9a38", [:mix], [], "hexpm"},
  "certifi": {:hex, :certifi, "2.5.1", "867ce347f7c7d78563450a18a6a28a8090331e77fa02380b4a21962a65d36ee5", [:rebar3], [{:parse_trans, "~>3.3", [hex: :parse_trans, repo: "hexpm", optional: false]}], "hexpm"},
  "credo": {:hex, :credo, "1.0.5", "fdea745579f8845315fe6a3b43e2f9f8866839cfbc8562bb72778e9fdaa94214", [:mix], [{:bunt, "~> 0.2.0", [hex: :bunt, repo: "hexpm", optional: false]}, {:jason, "~> 1.0", [hex: :jason, repo: "hexpm", optional: false]}], "hexpm"},
  "deep_merge": {:hex, :deep_merge, "1.0.0", "b4aa1a0d1acac393bdf38b2291af38cb1d4a52806cf7a4906f718e1feb5ee961", [:mix], [], "hexpm"},
  "dialyxir": {:hex, :dialyxir, "1.0.0-rc.6", "78e97d9c0ff1b5521dd68041193891aebebce52fc3b93463c0a6806874557d7d", [:mix], [{:erlex, "~> 0.2.1", [hex: :erlex, repo: "hexpm", optional: false]}], "hexpm"},
  "distillery": {:hex, :distillery, "2.0.14", "25fc1cdad06282334dbf4a11b6e869cc002855c4e11825157498491df2eed594", [:mix], [{:artificery, "~> 0.2", [hex: :artificery, repo: "hexpm", optional: false]}], "hexpm"},
  "erl_base58": {:hex, :erl_base58, "0.0.1", "37710854461d71df338e73c65776302db41c4bab4674d2ec134ed7bcfc7b5552", [:rebar3], [], "hexpm"},
  "erlex": {:hex, :erlex, "0.2.1", "cee02918660807cbba9a7229cae9b42d1c6143b768c781fa6cee1eaf03ad860b", [:mix], [], "hexpm"},
  "ethereumex": {:hex, :ethereumex, "0.4.0", "6ed98639c717dc7940a56f657fb81f44afe3e0287f9825b7b0f9016642e605ac", [:mix], [{:httpoison, "~> 1.3.1", [hex: :httpoison, repo: "hexpm", optional: false]}, {:poison, "~> 4.0.1", [hex: :poison, repo: "hexpm", optional: false]}], "hexpm"},
  "ex_crypto": {:hex, :ex_crypto, "0.10.0", "af600a89b784b36613a989da6e998c1b200ff1214c3cfbaf8deca4aa2f0a1739", [:mix], [{:poison, ">= 2.0.0", [hex: :poison, repo: "hexpm", optional: false]}], "hexpm"},
  "excoveralls": {:hex, :excoveralls, "0.11.1", "dd677fbdd49114fdbdbf445540ec735808250d56b011077798316505064edb2c", [:mix], [{:hackney, "~> 1.0", [hex: :hackney, repo: "hexpm", optional: false]}, {:jason, "~> 1.0", [hex: :jason, repo: "hexpm", optional: false]}], "hexpm"},
  "exth_crypto": {:hex, :exth_crypto, "0.1.6", "8e636a9bcb75d8e32451be96e547a495121ed2178d078db294edb0f81f7cf2e8", [:mix], [{:binary, "~> 0.0.4", [hex: :binary, repo: "hexpm", optional: false]}, {:keccakf1600, "~> 2.0.0", [hex: :keccakf1600_orig, repo: "hexpm", optional: false]}, {:libsecp256k1, "~> 0.1.9", [hex: :libsecp256k1, repo: "hexpm", optional: false]}], "hexpm"},
  "exw3": {:hex, :exw3, "0.4.4", "dba975a216f1628e6a62411f220dd46e0a636df533c31e8c36f8a34ad8130f71", [:mix], [{:abi, "~> 0.1.8", [hex: :abi, repo: "hexpm", optional: false]}, {:ethereumex, "~> 0.4.0", [hex: :ethereumex, repo: "hexpm", optional: false]}, {:exth_crypto, "~> 0.1.6", [hex: :exth_crypto, repo: "hexpm", optional: false]}, {:poison, "~> 4.0.1", [hex: :poison, repo: "hexpm", optional: false]}], "hexpm"},
  "hackney": {:hex, :hackney, "1.15.1", "9f8f471c844b8ce395f7b6d8398139e26ddca9ebc171a8b91342ee15a19963f4", [:rebar3], [{:certifi, "2.5.1", [hex: :certifi, repo: "hexpm", optional: false]}, {:idna, "6.0.0", [hex: :idna, repo: "hexpm", optional: false]}, {:metrics, "1.0.1", [hex: :metrics, repo: "hexpm", optional: false]}, {:mimerl, "~>1.1", [hex: :mimerl, repo: "hexpm", optional: false]}, {:ssl_verify_fun, "1.1.4", [hex: :ssl_verify_fun, repo: "hexpm", optional: false]}], "hexpm"},
  "httpoison": {:hex, :httpoison, "1.3.1", "7ac607311f5f706b44e8b3fab736d0737f2f62a31910ccd9afe7227b43edb7f0", [:mix], [{:hackney, "~> 1.8", [hex: :hackney, repo: "hexpm", optional: false]}], "hexpm"},
  "idna": {:hex, :idna, "6.0.0", "689c46cbcdf3524c44d5f3dde8001f364cd7608a99556d8fbd8239a5798d4c10", [:rebar3], [{:unicode_util_compat, "0.4.1", [hex: :unicode_util_compat, repo: "hexpm", optional: false]}], "hexpm"},
  "jason": {:hex, :jason, "1.1.2", "b03dedea67a99223a2eaf9f1264ce37154564de899fd3d8b9a21b1a6fd64afe7", [:mix], [{:decimal, "~> 1.0", [hex: :decimal, repo: "hexpm", optional: true]}], "hexpm"},
  "keccakf1600": {:hex, :keccakf1600_orig, "2.0.0", "0a7217ddb3ee8220d449bbf7575ec39d4e967099f220a91e3dfca4dbaef91963", [:rebar3], [], "hexpm"},
  "libp2p": {:hex, :libp2p, "0.1.0", "8c8e267de0af0aef1fe528e9c04d97b395e320dcc5cb3388c8cbd4ac9a9b24c7", [:mix], [{:basefiftyeight, "~> 0.1.0", [hex: :basefiftyeight, repo: "hexpm", optional: false]}, {:multiaddr, "~> 1.1", [hex: :multiaddr, repo: "hexpm", optional: false]}, {:poolboy, "~> 1.5", [hex: :poolboy, repo: "hexpm", optional: false]}, {:protobuf, "~> 0.5.3", [hex: :protobuf, repo: "hexpm", optional: false]}], "hexpm"},
  "libsecp256k1": {:hex, :libsecp256k1, "0.1.10", "d27495e2b9851c7765129b76c53b60f5e275bd6ff68292c50536bf6b8d091a4d", [:make, :mix], [{:mix_erlang_tasks, "0.1.0", [hex: :mix_erlang_tasks, repo: "hexpm", optional: false]}], "hexpm"},
  "metrics": {:hex, :metrics, "1.0.1", "25f094dea2cda98213cecc3aeff09e940299d950904393b2a29d191c346a8486", [:rebar3], [], "hexpm"},
  "mimerl": {:hex, :mimerl, "1.2.0", "67e2d3f571088d5cfd3e550c383094b47159f3eee8ffa08e64106cdf5e981be3", [:rebar3], [], "hexpm"},
  "mix_erlang_tasks": {:hex, :mix_erlang_tasks, "0.1.0", "36819fec60b80689eb1380938675af215565a89320a9e29c72c70d97512e4649", [:mix], [], "hexpm"},
  "multiaddr": {:hex, :multiaddr, "1.1.3", "978e58e28f6facaf428c87af933612b1e2f3f2775f1794eda5e831a4eacd2984", [:rebar3], [{:base32, "0.1.0", [hex: :base32, repo: "hexpm", optional: false]}, {:erl_base58, "0.0.1", [hex: :erl_base58, repo: "hexpm", optional: false]}, {:small_ints, "0.1.0", [hex: :small_ints, repo: "hexpm", optional: false]}], "hexpm"},
  "parse_trans": {:hex, :parse_trans, "3.3.0", "09765507a3c7590a784615cfd421d101aec25098d50b89d7aa1d66646bc571c1", [:rebar3], [], "hexpm"},
  "poison": {:hex, :poison, "4.0.1", "bcb755a16fac91cad79bfe9fc3585bb07b9331e50cfe3420a24bcc2d735709ae", [:mix], [], "hexpm"},
  "poolboy": {:hex, :poolboy, "1.5.2", "392b007a1693a64540cead79830443abf5762f5d30cf50bc95cb2c1aaafa006b", [:rebar3], [], "hexpm"},
  "protobuf": {:hex, :protobuf, "0.5.4", "2e1b8eec211aff034ad8a14e3674220b0158bfb9a3c7128ac9d2a1ed1b3724d3", [:mix], [], "hexpm"},
  "rustler": {:hex, :rustler, "0.20.0", "6b2cc8149700a7b1df2226dbe273ec1f9449318cad3bd3b5b68125a4cf1f438b", [:mix], [], "hexpm"},
  "small_ints": {:hex, :small_ints, "0.1.0", "82a824c8794a2ddc73cb5cd00ead11331db296521ad16a619c13d668572b868a", [:rebar3], [], "hexpm"},
  "ssl_verify_fun": {:hex, :ssl_verify_fun, "1.1.4", "f0eafff810d2041e93f915ef59899c923f4568f4585904d010387ed74988e77b", [:make, :mix, :rebar3], [], "hexpm"},
  "typed_struct": {:hex, :typed_struct, "0.1.4", "25971ce73a8b336dedf2f80e4dafaab111af127ba4773955b66805c89e197f6a", [:mix], [], "hexpm"},
  "unicode_util_compat": {:hex, :unicode_util_compat, "0.4.1", "d869e4c68901dd9531385bb0c8c40444ebf624e60b6962d95952775cac5e90cd", [:rebar3], [], "hexpm"},
}
